
Microsoft Visual Studio Solution File, Format Version 12.00
# Visual Studio Version 17
VisualStudioVersion = 17.7.34024.191
MinimumVisualStudioVersion = 10.0.40219.1
Project("{FAE04EC0-301F-11D3-BF4B-00C04F79EFBC}") = "RoutingDemo", "RoutingDemo\RoutingDemo.csproj", "{24B1CD86-AF64-4427-8E1F-3ED4988F691D}"
EndProject
Global
	GlobalSection(SolutionConfigurationPlatforms) = preSolution
		Debug|Any CPU = Debug|Any CPU
		Release|Any CPU = Release|Any CPU
	EndGlobalSection
	GlobalSection(ProjectConfigurationPlatforms) = postSolution
		{24B1CD86-AF64-4427-8E1F-3ED4988F691D}.Debug|Any CPU.ActiveCfg = Debug|Any CPU
		{24B1CD86-AF64-4427-8E1F-3ED4988F691D}.Debug|Any CPU.Build.0 = Debug|Any CPU
		{24B1CD86-AF64-4427-8E1F-3ED4988F691D}.Release|Any CPU.ActiveCfg = Release|Any CPU
		{24B1CD86-AF64-4427-8E1F-3ED4988F691D}.Release|Any CPU.Build.0 = Release|Any CPU
	EndGlobalSection
	GlobalSection(SolutionProperties) = preSolution
		HideSolutionNode = FALSE
	EndGlobalSection
	GlobalSection(ExtensibilityGlobals) = postSolution
		SolutionGuid = {D8719E7D-F389-4620-88E2-4E01A5B62EA6}
	EndGlobalSection
EndGlobal
