
Microsoft Visual Studio Solution File, Format Version 12.00
# Visual Studio Version 17
VisualStudioVersion = 17.7.34024.191
MinimumVisualStudioVersion = 10.0.40219.1
Project("{FAE04EC0-301F-11D3-BF4B-00C04F79EFBC}") = "ModelValidationsDemo", "ModelValidationsDemo\ModelValidationsDemo.csproj", "{C03E6991-B156-4797-8719-BADD533FEA33}"
EndProject
Global
	GlobalSection(SolutionConfigurationPlatforms) = preSolution
		Debug|Any CPU = Debug|Any CPU
		Release|Any CPU = Release|Any CPU
	EndGlobalSection
	GlobalSection(ProjectConfigurationPlatforms) = postSolution
		{C03E6991-B156-4797-8719-BADD533FEA33}.Debug|Any CPU.ActiveCfg = Debug|Any CPU
		{C03E6991-B156-4797-8719-BADD533FEA33}.Debug|Any CPU.Build.0 = Debug|Any CPU
		{C03E6991-B156-4797-8719-BADD533FEA33}.Release|Any CPU.ActiveCfg = Release|Any CPU
		{C03E6991-B156-4797-8719-BADD533FEA33}.Release|Any CPU.Build.0 = Release|Any CPU
	EndGlobalSection
	GlobalSection(SolutionProperties) = preSolution
		HideSolutionNode = FALSE
	EndGlobalSection
	GlobalSection(ExtensibilityGlobals) = postSolution
		SolutionGuid = {EDF029FB-C151-4593-AD1F-D4EB01868720}
	EndGlobalSection
EndGlobal
