
Microsoft Visual Studio Solution File, Format Version 12.00
Project("{FAE04EC0-301F-11D3-BF4B-00C04F79EFBC}") = "WeatherAppViewComponents", "WeatherAppViewComponents\WeatherAppViewComponents.csproj", "{2531C941-FC14-4D97-81D4-3A4985033048}"
EndProject
Global
	GlobalSection(SolutionConfigurationPlatforms) = preSolution
		Debug|Any CPU = Debug|Any CPU
		Release|Any CPU = Release|Any CPU
	EndGlobalSection
	GlobalSection(ProjectConfigurationPlatforms) = postSolution
		{2531C941-FC14-4D97-81D4-3A4985033048}.Debug|Any CPU.ActiveCfg = Debug|Any CPU
		{2531C941-FC14-4D97-81D4-3A4985033048}.Debug|Any CPU.Build.0 = Debug|Any CPU
		{2531C941-FC14-4D97-81D4-3A4985033048}.Release|Any CPU.ActiveCfg = Release|Any CPU
		{2531C941-FC14-4D97-81D4-3A4985033048}.Release|Any CPU.Build.0 = Release|Any CPU
	EndGlobalSection
EndGlobal
